// !$*UTF8*$!
{
	archiveVersion = 1;
	classes = {
	};
	objectVersion = 46;
	objects = {

/* Begin PBXBuildFile section */
		FADFDEA8181B006D009D639D /* Foundation.framework in Frameworks */ = {isa = PBXBuildFile; fileRef = FADFDEA7181B006D009D639D /* Foundation.framework */; };
		FADFDEAA181B006D009D639D /* CoreGraphics.framework in Frameworks */ = {isa = PBXBuildFile; fileRef = FADFDEA9181B006D009D639D /* CoreGraphics.framework */; };
		FADFDEAC181B006D009D639D /* UIKit.framework in Frameworks */ = {isa = PBXBuildFile; fileRef = FADFDEAB181B006D009D639D /* UIKit.framework */; };
		FADFDEB2181B006D009D639D /* InfoPlist.strings in Resources */ = {isa = PBXBuildFile; fileRef = FADFDEB0181B006D009D639D /* InfoPlist.strings */; };
		FADFDEB4181B006D009D639D /* main.m in Sources */ = {isa = PBXBuildFile; fileRef = FADFDEB3181B006D009D639D /* main.m */; };
		FADFDEB8181B006D009D639D /* AGAppDelegate.m in Sources */ = {isa = PBXBuildFile; fileRef = FADFDEB7181B006D009D639D /* AGAppDelegate.m */; };
		FADFDEBA181B006D009D639D /* Images.xcassets in Resources */ = {isa = PBXBuildFile; fileRef = FADFDEB9181B006D009D639D /* Images.xcassets */; };
		FADFDEC1181B006D009D639D /* XCTest.framework in Frameworks */ = {isa = PBXBuildFile; fileRef = FADFDEC0181B006D009D639D /* XCTest.framework */; };
		FADFDEC2181B006D009D639D /* Foundation.framework in Frameworks */ = {isa = PBXBuildFile; fileRef = FADFDEA7181B006D009D639D /* Foundation.framework */; };
		FADFDEC3181B006D009D639D /* UIKit.framework in Frameworks */ = {isa = PBXBuildFile; fileRef = FADFDEAB181B006D009D639D /* UIKit.framework */; };
		FADFDECB181B006D009D639D /* InfoPlist.strings in Resources */ = {isa = PBXBuildFile; fileRef = FADFDEC9181B006D009D639D /* InfoPlist.strings */; };
		FADFDECD181B006D009D639D /* AGTimerTests.m in Sources */ = {isa = PBXBuildFile; fileRef = FADFDECC181B006D009D639D /* AGTimerTests.m */; };
		FADFDED8181B009E009D639D /* AGTimer.m in Sources */ = {isa = PBXBuildFile; fileRef = FADFDED7181B009E009D639D /* AGTimer.m */; };
		FADFDEDB181B1182009D639D /* Storyboard.storyboard in Resources */ = {isa = PBXBuildFile; fileRef = FADFDEDA181B1182009D639D /* Storyboard.storyboard */; };
		FADFDEE1181B1268009D639D /* MainViewController.m in Sources */ = {isa = PBXBuildFile; fileRef = FADFDEE0181B1268009D639D /* MainViewController.m */; };
/* End PBXBuildFile section */

/* Begin PBXContainerItemProxy section */
		FADFDEC4181B006D009D639D /* PBXContainerItemProxy */ = {
			isa = PBXContainerItemProxy;
			containerPortal = FADFDE9C181B006D009D639D /* Project object */;
			proxyType = 1;
			remoteGlobalIDString = FADFDEA3181B006D009D639D;
			remoteInfo = AGTimer;
		};
/* End PBXContainerItemProxy section */

/* Begin PBXFileReference section */
		FADFDEA4181B006D009D639D /* AGTimer.app */ = {isa = PBXFileReference; explicitFileType = wrapper.application; includeInIndex = 0; path = AGTimer.app; sourceTree = BUILT_PRODUCTS_DIR; };
		FADFDEA7181B006D009D639D /* Foundation.framework */ = {isa = PBXFileReference; lastKnownFileType = wrapper.framework; name = Foundation.framework; path = System/Library/Frameworks/Foundation.framework; sourceTree = SDKROOT; };
		FADFDEA9181B006D009D639D /* CoreGraphics.framework */ = {isa = PBXFileReference; lastKnownFileType = wrapper.framework; name = CoreGraphics.framework; path = System/Library/Frameworks/CoreGraphics.framework; sourceTree = SDKROOT; };
		FADFDEAB181B006D009D639D /* UIKit.framework */ = {isa = PBXFileReference; lastKnownFileType = wrapper.framework; name = UIKit.framework; path = System/Library/Frameworks/UIKit.framework; sourceTree = SDKROOT; };
		FADFDEAF181B006D009D639D /* AGTimer-Info.plist */ = {isa = PBXFileReference; lastKnownFileType = text.plist.xml; path = "AGTimer-Info.plist"; sourceTree = "<group>"; };
		FADFDEB1181B006D009D639D /* en */ = {isa = PBXFileReference; lastKnownFileType = text.plist.strings; name = en; path = en.lproj/InfoPlist.strings; sourceTree = "<group>"; };
		FADFDEB3181B006D009D639D /* main.m */ = {isa = PBXFileReference; lastKnownFileType = sourcecode.c.objc; path = main.m; sourceTree = "<group>"; };
		FADFDEB5181B006D009D639D /* AGTimer-Prefix.pch */ = {isa = PBXFileReference; lastKnownFileType = sourcecode.c.h; path = "AGTimer-Prefix.pch"; sourceTree = "<group>"; };
		FADFDEB6181B006D009D639D /* AGAppDelegate.h */ = {isa = PBXFileReference; lastKnownFileType = sourcecode.c.h; path = AGAppDelegate.h; sourceTree = "<group>"; };
		FADFDEB7181B006D009D639D /* AGAppDelegate.m */ = {isa = PBXFileReference; lastKnownFileType = sourcecode.c.objc; path = AGAppDelegate.m; sourceTree = "<group>"; };
		FADFDEB9181B006D009D639D /* Images.xcassets */ = {isa = PBXFileReference; lastKnownFileType = folder.assetcatalog; path = Images.xcassets; sourceTree = "<group>"; };
		FADFDEBF181B006D009D639D /* AGTimerTests.xctest */ = {isa = PBXFileReference; explicitFileType = wrapper.cfbundle; includeInIndex = 0; path = AGTimerTests.xctest; sourceTree = BUILT_PRODUCTS_DIR; };
		FADFDEC0181B006D009D639D /* XCTest.framework */ = {isa = PBXFileReference; lastKnownFileType = wrapper.framework; name = XCTest.framework; path = Library/Frameworks/XCTest.framework; sourceTree = DEVELOPER_DIR; };
		FADFDEC8181B006D009D639D /* AGTimerTests-Info.plist */ = {isa = PBXFileReference; lastKnownFileType = text.plist.xml; path = "AGTimerTests-Info.plist"; sourceTree = "<group>"; };
		FADFDECA181B006D009D639D /* en */ = {isa = PBXFileReference; lastKnownFileType = text.plist.strings; name = en; path = en.lproj/InfoPlist.strings; sourceTree = "<group>"; };
		FADFDECC181B006D009D639D /* AGTimerTests.m */ = {isa = PBXFileReference; lastKnownFileType = sourcecode.c.objc; path = AGTimerTests.m; sourceTree = "<group>"; };
		FADFDED6181B009E009D639D /* AGTimer.h */ = {isa = PBXFileReference; fileEncoding = 4; lastKnownFileType = sourcecode.c.h; name = AGTimer.h; path = Model/AGTimer.h; sourceTree = "<group>"; };
		FADFDED7181B009E009D639D /* AGTimer.m */ = {isa = PBXFileReference; fileEncoding = 4; lastKnownFileType = sourcecode.c.objc; name = AGTimer.m; path = Model/AGTimer.m; sourceTree = "<group>"; };
		FADFDEDA181B1182009D639D /* Storyboard.storyboard */ = {isa = PBXFileReference; fileEncoding = 4; lastKnownFileType = file.storyboard; path = Storyboard.storyboard; sourceTree = "<group>"; };
		FADFDEDF181B1268009D639D /* MainViewController.h */ = {isa = PBXFileReference; fileEncoding = 4; lastKnownFileType = sourcecode.c.h; path = MainViewController.h; sourceTree = "<group>"; };
		FADFDEE0181B1268009D639D /* MainViewController.m */ = {isa = PBXFileReference; fileEncoding = 4; lastKnownFileType = sourcecode.c.objc; path = MainViewController.m; sourceTree = "<group>"; };
/* End PBXFileReference section */

/* Begin PBXFrameworksBuildPhase section */
		FADFDEA1181B006D009D639D /* Frameworks */ = {
			isa = PBXFrameworksBuildPhase;
			buildActionMask = 2147483647;
			files = (
				FADFDEAA181B006D009D639D /* CoreGraphics.framework in Frameworks */,
				FADFDEAC181B006D009D639D /* UIKit.framework in Frameworks */,
				FADFDEA8181B006D009D639D /* Foundation.framework in Frameworks */,
			);
			runOnlyForDeploymentPostprocessing = 0;
		};
		FADFDEBC181B006D009D639D /* Frameworks */ = {
			isa = PBXFrameworksBuildPhase;
			buildActionMask = 2147483647;
			files = (
				FADFDEC1181B006D009D639D /* XCTest.framework in Frameworks */,
				FADFDEC3181B006D009D639D /* UIKit.framework in Frameworks */,
				FADFDEC2181B006D009D639D /* Foundation.framework in Frameworks */,
			);
			runOnlyForDeploymentPostprocessing = 0;
		};
/* End PBXFrameworksBuildPhase section */

/* Begin PBXGroup section */
		FADFDE9B181B006D009D639D = {
			isa = PBXGroup;
			children = (
				FADFDEAD181B006D009D639D /* AGTimer */,
				FADFDEC6181B006D009D639D /* AGTimerTests */,
				FADFDEA6181B006D009D639D /* Frameworks */,
				FADFDEA5181B006D009D639D /* Products */,
			);
			sourceTree = "<group>";
		};
		FADFDEA5181B006D009D639D /* Products */ = {
			isa = PBXGroup;
			children = (
				FADFDEA4181B006D009D639D /* AGTimer.app */,
				FADFDEBF181B006D009D639D /* AGTimerTests.xctest */,
			);
			name = Products;
			sourceTree = "<group>";
		};
		FADFDEA6181B006D009D639D /* Frameworks */ = {
			isa = PBXGroup;
			children = (
				FADFDEA7181B006D009D639D /* Foundation.framework */,
				FADFDEA9181B006D009D639D /* CoreGraphics.framework */,
				FADFDEAB181B006D009D639D /* UIKit.framework */,
				FADFDEC0181B006D009D639D /* XCTest.framework */,
			);
			name = Frameworks;
			sourceTree = "<group>";
		};
		FADFDEAD181B006D009D639D /* AGTimer */ = {
			isa = PBXGroup;
			children = (
				FADFDED9181B0188009D639D /* Model */,
				FADFDEB6181B006D009D639D /* AGAppDelegate.h */,
				FADFDEB7181B006D009D639D /* AGAppDelegate.m */,
				FADFDEB9181B006D009D639D /* Images.xcassets */,
				FADFDEAE181B006D009D639D /* Supporting Files */,
				FADFDEDA181B1182009D639D /* Storyboard.storyboard */,
				FADFDEDF181B1268009D639D /* MainViewController.h */,
				FADFDEE0181B1268009D639D /* MainViewController.m */,
			);
			path = AGTimer;
			sourceTree = "<group>";
		};
		FADFDEAE181B006D009D639D /* Supporting Files */ = {
			isa = PBXGroup;
			children = (
				FADFDEAF181B006D009D639D /* AGTimer-Info.plist */,
				FADFDEB0181B006D009D639D /* InfoPlist.strings */,
				FADFDEB3181B006D009D639D /* main.m */,
				FADFDEB5181B006D009D639D /* AGTimer-Prefix.pch */,
			);
			name = "Supporting Files";
			sourceTree = "<group>";
		};
		FADFDEC6181B006D009D639D /* AGTimerTests */ = {
			isa = PBXGroup;
			children = (
				FADFDECC181B006D009D639D /* AGTimerTests.m */,
				FADFDEC7181B006D009D639D /* Supporting Files */,
			);
			path = AGTimerTests;
			sourceTree = "<group>";
		};
		FADFDEC7181B006D009D639D /* Supporting Files */ = {
			isa = PBXGroup;
			children = (
				FADFDEC8181B006D009D639D /* AGTimerTests-Info.plist */,
				FADFDEC9181B006D009D639D /* InfoPlist.strings */,
			);
			name = "Supporting Files";
			sourceTree = "<group>";
		};
		FADFDED9181B0188009D639D /* Model */ = {
			isa = PBXGroup;
			children = (
				FADFDED7181B009E009D639D /* AGTimer.m */,
				FADFDED6181B009E009D639D /* AGTimer.h */,
			);
			name = Model;
			sourceTree = "<group>";
		};
/* End PBXGroup section */

/* Begin PBXNativeTarget section */
		FADFDEA3181B006D009D639D /* AGTimer */ = {
			isa = PBXNativeTarget;
			buildConfigurationList = FADFDED0181B006D009D639D /* Build configuration list for PBXNativeTarget "AGTimer" */;
			buildPhases = (
				FADFDEA0181B006D009D639D /* Sources */,
				FADFDEA1181B006D009D639D /* Frameworks */,
				FADFDEA2181B006D009D639D /* Resources */,
			);
			buildRules = (
			);
			dependencies = (
			);
			name = AGTimer;
			productName = AGTimer;
			productReference = FADFDEA4181B006D009D639D /* AGTimer.app */;
			productType = "com.apple.product-type.application";
		};
		FADFDEBE181B006D009D639D /* AGTimerTests */ = {
			isa = PBXNativeTarget;
			buildConfigurationList = FADFDED3181B006D009D639D /* Build configuration list for PBXNativeTarget "AGTimerTests" */;
			buildPhases = (
				FADFDEBB181B006D009D639D /* Sources */,
				FADFDEBC181B006D009D639D /* Frameworks */,
				FADFDEBD181B006D009D639D /* Resources */,
			);
			buildRules = (
			);
			dependencies = (
				FADFDEC5181B006D009D639D /* PBXTargetDependency */,
			);
			name = AGTimerTests;
			productName = AGTimerTests;
			productReference = FADFDEBF181B006D009D639D /* AGTimerTests.xctest */;
			productType = "com.apple.product-type.bundle.unit-test";
		};
/* End PBXNativeTarget section */

/* Begin PBXProject section */
		FADFDE9C181B006D009D639D /* Project object */ = {
			isa = PBXProject;
			attributes = {
				CLASSPREFIX = AG;
				LastUpgradeCheck = 0500;
				ORGANIZATIONNAME = "Alex Garibay";
				TargetAttributes = {
					FADFDEBE181B006D009D639D = {
						TestTargetID = FADFDEA3181B006D009D639D;
					};
				};
			};
			buildConfigurationList = FADFDE9F181B006D009D639D /* Build configuration list for PBXProject "AGTimer" */;
			compatibilityVersion = "Xcode 3.2";
			developmentRegion = English;
			hasScannedForEncodings = 0;
			knownRegions = (
				en,
			);
			mainGroup = FADFDE9B181B006D009D639D;
			productRefGroup = FADFDEA5181B006D009D639D /* Products */;
			projectDirPath = "";
			projectRoot = "";
			targets = (
				FADFDEA3181B006D009D639D /* AGTimer */,
				FADFDEBE181B006D009D639D /* AGTimerTests */,
			);
		};
/* End PBXProject section */

/* Begin PBXResourcesBuildPhase section */
		FADFDEA2181B006D009D639D /* Resources */ = {
			isa = PBXResourcesBuildPhase;
			buildActionMask = 2147483647;
			files = (
				FADFDEB2181B006D009D639D /* InfoPlist.strings in Resources */,
				FADFDEBA181B006D009D639D /* Images.xcassets in Resources */,
				FADFDEDB181B1182009D639D /* Storyboard.storyboard in Resources */,
			);
			runOnlyForDeploymentPostprocessing = 0;
		};
		FADFDEBD181B006D009D639D /* Resources */ = {
			isa = PBXResourcesBuildPhase;
			buildActionMask = 2147483647;
			files = (
				FADFDECB181B006D009D639D /* InfoPlist.strings in Resources */,
			);
			runOnlyForDeploymentPostprocessing = 0;
		};
/* End PBXResourcesBuildPhase section */

/* Begin PBXSourcesBuildPhase section */
		FADFDEA0181B006D009D639D /* Sources */ = {
			isa = PBXSourcesBuildPhase;
			buildActionMask = 2147483647;
			files = (
				FADFDEB8181B006D009D639D /* AGAppDelegate.m in Sources */,
				FADFDED8181B009E009D639D /* AGTimer.m in Sources */,
				FADFDEB4181B006D009D639D /* main.m in Sources */,
				FADFDEE1181B1268009D639D /* MainViewController.m in Sources */,
			);
			runOnlyForDeploymentPostprocessing = 0;
		};
		FADFDEBB181B006D009D639D /* Sources */ = {
			isa = PBXSourcesBuildPhase;
			buildActionMask = 2147483647;
			files = (
				FADFDECD181B006D009D639D /* AGTimerTests.m in Sources */,
			);
			runOnlyForDeploymentPostprocessing = 0;
		};
/* End PBXSourcesBuildPhase section */

/* Begin PBXTargetDependency section */
		FADFDEC5181B006D009D639D /* PBXTargetDependency */ = {
			isa = PBXTargetDependency;
			target = FADFDEA3181B006D009D639D /* AGTimer */;
			targetProxy = FADFDEC4181B006D009D639D /* PBXContainerItemProxy */;
		};
/* End PBXTargetDependency section */

/* Begin PBXVariantGroup section */
		FADFDEB0181B006D009D639D /* InfoPlist.strings */ = {
			isa = PBXVariantGroup;
			children = (
				FADFDEB1181B006D009D639D /* en */,
			);
			name = InfoPlist.strings;
			sourceTree = "<group>";
		};
		FADFDEC9181B006D009D639D /* InfoPlist.strings */ = {
			isa = PBXVariantGroup;
			children = (
				FADFDECA181B006D009D639D /* en */,
			);
			name = InfoPlist.strings;
			sourceTree = "<group>";
		};
/* End PBXVariantGroup section */

/* Begin XCBuildConfiguration section */
		FADFDECE181B006D009D639D /* Debug */ = {
			isa = XCBuildConfiguration;
			buildSettings = {
				ALWAYS_SEARCH_USER_PATHS = NO;
				ARCHS = "$(ARCHS_STANDARD_INCLUDING_64_BIT)";
				CLANG_CXX_LANGUAGE_STANDARD = "gnu++0x";
				CLANG_CXX_LIBRARY = "libc++";
				CLANG_ENABLE_MODULES = YES;
				CLANG_ENABLE_OBJC_ARC = YES;
				CLANG_WARN_BOOL_CONVERSION = YES;
				CLANG_WARN_CONSTANT_CONVERSION = YES;
				CLANG_WARN_DIRECT_OBJC_ISA_USAGE = YES_ERROR;
				CLANG_WARN_EMPTY_BODY = YES;
				CLANG_WARN_ENUM_CONVERSION = YES;
				CLANG_WARN_INT_CONVERSION = YES;
				CLANG_WARN_OBJC_ROOT_CLASS = YES_ERROR;
				CLANG_WARN__DUPLICATE_METHOD_MATCH = YES;
				"CODE_SIGN_IDENTITY[sdk=iphoneos*]" = "iPhone Developer";
				COPY_PHASE_STRIP = NO;
				GCC_C_LANGUAGE_STANDARD = gnu99;
				GCC_DYNAMIC_NO_PIC = NO;
				GCC_OPTIMIZATION_LEVEL = 0;
				GCC_PREPROCESSOR_DEFINITIONS = (
					"DEBUG=1",
					"$(inherited)",
				);
				GCC_SYMBOLS_PRIVATE_EXTERN = NO;
				GCC_WARN_64_TO_32_BIT_CONVERSION = YES;
				GCC_WARN_ABOUT_RETURN_TYPE = YES_ERROR;
				GCC_WARN_UNDECLARED_SELECTOR = YES;
				GCC_WARN_UNINITIALIZED_AUTOS = YES;
				GCC_WARN_UNUSED_FUNCTION = YES;
				GCC_WARN_UNUSED_VARIABLE = YES;
				IPHONEOS_DEPLOYMENT_TARGET = 7.0;
				ONLY_ACTIVE_ARCH = YES;
				SDKROOT = iphoneos;
			};
			name = Debug;
		};
		FADFDECF181B006D009D639D /* Release */ = {
			isa = XCBuildConfiguration;
			buildSettings = {
				ALWAYS_SEARCH_USER_PATHS = NO;
				ARCHS = "$(ARCHS_STANDARD_INCLUDING_64_BIT)";
				CLANG_CXX_LANGUAGE_STANDARD = "gnu++0x";
				CLANG_CXX_LIBRARY = "libc++";
				CLANG_ENABLE_MODULES = YES;
				CLANG_ENABLE_OBJC_ARC = YES;
				CLANG_WARN_BOOL_CONVERSION = YES;
				CLANG_WARN_CONSTANT_CONVERSION = YES;
				CLANG_WARN_DIRECT_OBJC_ISA_USAGE = YES_ERROR;
				CLANG_WARN_EMPTY_BODY = YES;
				CLANG_WARN_ENUM_CONVERSION = YES;
				CLANG_WARN_INT_CONVERSION = YES;
				CLANG_WARN_OBJC_ROOT_CLASS = YES_ERROR;
				CLANG_WARN__DUPLICATE_METHOD_MATCH = YES;
				"CODE_SIGN_IDENTITY[sdk=iphoneos*]" = "iPhone Developer";
				COPY_PHASE_STRIP = YES;
				ENABLE_NS_ASSERTIONS = NO;
				GCC_C_LANGUAGE_STANDARD = gnu99;
				GCC_WARN_64_TO_32_BIT_CONVERSION = YES;
				GCC_WARN_ABOUT_RETURN_TYPE = YES_ERROR;
				GCC_WARN_UNDECLARED_SELECTOR = YES;
				GCC_WARN_UNINITIALIZED_AUTOS = YES;
				GCC_WARN_UNUSED_FUNCTION = YES;
				GCC_WARN_UNUSED_VARIABLE = YES;
				IPHONEOS_DEPLOYMENT_TARGET = 7.0;
				SDKROOT = iphoneos;
				VALIDATE_PRODUCT = YES;
			};
			name = Release;
		};
		FADFDED1181B006D009D639D /* Debug */ = {
			isa = XCBuildConfiguration;
			buildSettings = {
				ASSETCATALOG_COMPILER_APPICON_NAME = AppIcon;
				ASSETCATALOG_COMPILER_LAUNCHIMAGE_NAME = LaunchImage;
				GCC_PRECOMPILE_PREFIX_HEADER = YES;
				GCC_PREFIX_HEADER = "AGTimer/AGTimer-Prefix.pch";
				INFOPLIST_FILE = "AGTimer/AGTimer-Info.plist";
				PRODUCT_NAME = "$(TARGET_NAME)";
				WRAPPER_EXTENSION = app;
			};
			name = Debug;
		};
		FADFDED2181B006D009D639D /* Release */ = {
			isa = XCBuildConfiguration;
			buildSettings = {
				ASSETCATALOG_COMPILER_APPICON_NAME = AppIcon;
				ASSETCATALOG_COMPILER_LAUNCHIMAGE_NAME = LaunchImage;
				GCC_PRECOMPILE_PREFIX_HEADER = YES;
				GCC_PREFIX_HEADER = "AGTimer/AGTimer-Prefix.pch";
				INFOPLIST_FILE = "AGTimer/AGTimer-Info.plist";
				PRODUCT_NAME = "$(TARGET_NAME)";
				WRAPPER_EXTENSION = app;
			};
			name = Release;
		};
		FADFDED4181B006D009D639D /* Debug */ = {
			isa = XCBuildConfiguration;
			buildSettings = {
				ARCHS = "$(ARCHS_STANDARD_INCLUDING_64_BIT)";
				BUNDLE_LOADER = "$(BUILT_PRODUCTS_DIR)/AGTimer.app/AGTimer";
				FRAMEWORK_SEARCH_PATHS = (
					"$(SDKROOT)/Developer/Library/Frameworks",
					"$(inherited)",
					"$(DEVELOPER_FRAMEWORKS_DIR)",
				);
				GCC_PRECOMPILE_PREFIX_HEADER = YES;
				GCC_PREFIX_HEADER = "AGTimer/AGTimer-Prefix.pch";
				GCC_PREPROCESSOR_DEFINITIONS = (
					"DEBUG=1",
					"$(inherited)",
				);
				INFOPLIST_FILE = "AGTimerTests/AGTimerTests-Info.plist";
				PRODUCT_NAME = "$(TARGET_NAME)";
				TEST_HOST = "$(BUNDLE_LOADER)";
				WRAPPER_EXTENSION = xctest;
			};
			name = Debug;
		};
		FADFDED5181B006D009D639D /* Release */ = {
			isa = XCBuildConfiguration;
			buildSettings = {
				ARCHS = "$(ARCHS_STANDARD_INCLUDING_64_BIT)";
				BUNDLE_LOADER = "$(BUILT_PRODUCTS_DIR)/AGTimer.app/AGTimer";
				FRAMEWORK_SEARCH_PATHS = (
					"$(SDKROOT)/Developer/Library/Frameworks",
					"$(inherited)",
					"$(DEVELOPER_FRAMEWORKS_DIR)",
				);
				GCC_PRECOMPILE_PREFIX_HEADER = YES;
				GCC_PREFIX_HEADER = "AGTimer/AGTimer-Prefix.pch";
				INFOPLIST_FILE = "AGTimerTests/AGTimerTests-Info.plist";
				PRODUCT_NAME = "$(TARGET_NAME)";
				TEST_HOST = "$(BUNDLE_LOADER)";
				WRAPPER_EXTENSION = xctest;
			};
			name = Release;
		};
/* End XCBuildConfiguration section */

/* Begin XCConfigurationList section */
		FADFDE9F181B006D009D639D /* Build configuration list for PBXProject "AGTimer" */ = {
			isa = XCConfigurationList;
			buildConfigurations = (
				FADFDECE181B006D009D639D /* Debug */,
				FADFDECF181B006D009D639D /* Release */,
			);
			defaultConfigurationIsVisible = 0;
			defaultConfigurationName = Release;
		};
		FADFDED0181B006D009D639D /* Build configuration list for PBXNativeTarget "AGTimer" */ = {
			isa = XCConfigurationList;
			buildConfigurations = (
				FADFDED1181B006D009D639D /* Debug */,
				FADFDED2181B006D009D639D /* Release */,
			);
			defaultConfigurationIsVisible = 0;
		};
		FADFDED3181B006D009D639D /* Build configuration list for PBXNativeTarget "AGTimerTests" */ = {
			isa = XCConfigurationList;
			buildConfigurations = (
				FADFDED4181B006D009D639D /* Debug */,
				FADFDED5181B006D009D639D /* Release */,
			);
			defaultConfigurationIsVisible = 0;
		};
/* End XCConfigurationList section */
	};
	rootObject = FADFDE9C181B006D009D639D /* Project object */;
}
